
Microsoft Visual Studio Solution File, Format Version 12.00
# Visual Studio Version 17
VisualStudioVersion = 17.10.34928.147
MinimumVisualStudioVersion = 10.0.40219.1
Project("{8BC9CEB8-8B4A-11D0-8D11-00A0C91BC942}") = "Sandbox", "Sandbox\Sandbox.vcxproj", "{FFDAF728-F6C0-43D5-9066-DB250A50BE7E}"
EndProject
Project("{8BC9CEB8-8B4A-11D0-8D11-00A0C91BC942}") = "Hazel", "Hazel\Hazel.vcxproj", "{136921B9-7536-4265-8617-282916122807}"
EndProject
Global
	GlobalSection(SolutionConfigurationPlatforms) = preSolution
		Debug|x64 = Debug|x64
		Release|x64 = Release|x64
	EndGlobalSection
	GlobalSection(ProjectConfigurationPlatforms) = postSolution
		{136921B9-7536-4265-8617-282916122807}.Debug|x64.ActiveCfg = Debug|x64
		{136921B9-7536-4265-8617-282916122807}.Debug|x64.Build.0 = Debug|x64
		{136921B9-7536-4265-8617-282916122807}.Release|x64.ActiveCfg = Release|x64
		{136921B9-7536-4265-8617-282916122807}.Release|x64.Build.0 = Release|x64
		{FFDAF728-F6C0-43D5-9066-DB250A50BE7E}.Debug|x64.ActiveCfg = Debug|x64
		{FFDAF728-F6C0-43D5-9066-DB250A50BE7E}.Debug|x64.Build.0 = Debug|x64
		{FFDAF728-F6C0-43D5-9066-DB250A50BE7E}.Release|x64.ActiveCfg = Release|x64
		{FFDAF728-F6C0-43D5-9066-DB250A50BE7E}.Release|x64.Build.0 = Release|x64
	EndGlobalSection
	GlobalSection(SolutionProperties) = preSolution
		HideSolutionNode = FALSE
	EndGlobalSection
	GlobalSection(ExtensibilityGlobals) = postSolution
		SolutionGuid = {EAB17F4F-341A-4645-A02F-F2EC6691098F}
	EndGlobalSection
EndGlobal
